DEPENDENCIES
  osdc-2015-demo
    path: cookbooks/osdc-2015-demo

GRAPH
  7-zip (1.0.2)
    windows (>= 1.2.2)
  apache2 (3.0.1)
    iptables (>= 0.0.0)
    logrotate (>= 0.0.0)
  apt (2.7.0)
  ark (0.9.0)
    7-zip (>= 0.0.0)
    windows (>= 0.0.0)
  authbind (0.1.10)
  build-essential (2.2.3)
  chef-sugar (3.1.0)
  chef_handler (1.1.6)
  database (4.0.5)
    postgresql (>= 1.0.0)
  elasticsearch (0.3.13)
    ark (>= 0.2.4)
    build-essential (>= 0.0.0)
    java (>= 0.0.0)
    monit (>= 0.0.0)
    xml (>= 0.0.0)
  graylog2 (1.0.3)
    authbind (>= 0.1.8)
    elasticsearch (>= 0.0.0)
    java (>= 0.0.0)
    mongodb (>= 0.0.0)
  icinga2 (2.1.8)
    apache2 (>= 0.0.0)
    apt (>= 0.0.0)
    pnp4nagios (>= 0.0.0)
    ulimit (>= 0.0.0)
    yum (~> 3.0)
    yum-epel (>= 0.0.0)
  iptables (1.0.0)
  java (1.31.0)
  logrotate (1.9.1)
  mariadb (0.3.0)
    apt (>= 0.0.0)
    yum (>= 0.0.0)
    yum-epel (>= 0.0.0)
  mongodb (0.16.2)
    apt (>= 1.8.2)
    python (>= 0.0.0)
    runit (>= 1.5.0)
    yum (>= 3.0)
  monit (0.7.5)
  mysql (6.0.21)
    smf (>= 0.0.0)
    yum-mysql-community (>= 0.0.0)
  mysql2_chef_gem (1.0.1)
    build-essential (>= 0.0.0)
    mariadb (>= 0.0.0)
    mysql (>= 0.0.0)
  openssl (4.0.0)
    chef-sugar (>= 0.0.0)
  osdc-2015-demo (0.1.0)
    apache2 (~> 3.0.1)
    database (~> 4.0.5)
    elasticsearch (~> 0.3.13)
    graylog2 (= 1.0.3)
    icinga2 (~> 2.1.8)
    java (~> 1.31.0)
    mongodb (~> 0.16.2)
    mysql (~> 6.0.21)
    mysql2_chef_gem (~> 1.0.1)
    rsyslog (~> 1.15.0)
    timezone_lwrp (~> 0.1.6)
  packagecloud (0.0.17)
  pnp4nagios (0.2.1)
    apache2 (>= 0.0.0)
    rrdtool (>= 0.0.0)
  postgresql (3.4.18)
    apt (>= 1.9.0)
    build-essential (>= 0.0.0)
    openssl (~> 4.0.0)
  python (1.4.6)
    build-essential (>= 0.0.0)
    yum-epel (>= 0.0.0)
  rbac (1.0.3)
  rrdtool (0.2.0)
  rsyslog (1.15.0)
  runit (1.6.0)
    packagecloud (>= 0.0.0)
  smf (2.2.6)
    rbac (>= 1.0.1)
  timezone_lwrp (0.1.6)
  ulimit (0.3.3)
  windows (1.36.6)
    chef_handler (>= 0.0.0)
  xml (1.2.13)
    build-essential (>= 0.0.0)
    chef-sugar (>= 0.0.0)
  yum (3.5.4)
  yum-epel (0.6.0)
    yum (~> 3.0)
  yum-mysql-community (0.1.17)
    yum (>= 3.0)
